// !$*UTF8*$!
{
	archiveVersion = 1;
	classes = {
	};
	objectVersion = 50;
	objects = {

/* Begin PBXBuildFile section */
		260BEF0D246CC522003ED7D7 /* VisionViewController.swift in Sources */ = {isa = PBXBuildFile; fileRef = 260BEF0C246CC522003ED7D7 /* VisionViewController.swift */; };
		260BEF0F246CC598003ED7D7 /* ProductViewController.swift in Sources */ = {isa = PBXBuildFile; fileRef = 260BEF0E246CC598003ED7D7 /* ProductViewController.swift */; };
		260BEF16246CCC70003ED7D7 /* nutrition.plist in Resources */ = {isa = PBXBuildFile; fileRef = 260BEF15246CCC70003ED7D7 /* nutrition.plist */; };
		26B300392467844B00163E66 /* AppDelegate.swift in Sources */ = {isa = PBXBuildFile; fileRef = 26B300382467844B00163E66 /* AppDelegate.swift */; };
		26B3003B2467844B00163E66 /* SceneDelegate.swift in Sources */ = {isa = PBXBuildFile; fileRef = 26B3003A2467844B00163E66 /* SceneDelegate.swift */; };
		26B3003D2467844B00163E66 /* ViewController.swift in Sources */ = {isa = PBXBuildFile; fileRef = 26B3003C2467844B00163E66 /* ViewController.swift */; };
		26B300402467844B00163E66 /* Main.storyboard in Resources */ = {isa = PBXBuildFile; fileRef = 26B3003E2467844B00163E66 /* Main.storyboard */; };
		26B300422467844C00163E66 /* Assets.xcassets in Resources */ = {isa = PBXBuildFile; fileRef = 26B300412467844C00163E66 /* Assets.xcassets */; };
		26B300452467844C00163E66 /* LaunchScreen.storyboard in Resources */ = {isa = PBXBuildFile; fileRef = 26B300432467844C00163E66 /* LaunchScreen.storyboard */; };
		26B3004D2467848100163E66 /* FoodClassifier.mlmodel in Sources */ = {isa = PBXBuildFile; fileRef = 26B3004C2467848100163E66 /* FoodClassifier.mlmodel */; };
/* End PBXBuildFile section */

/* Begin PBXFileReference section */
		260BEF0C246CC522003ED7D7 /* VisionViewController.swift */ = {isa = PBXFileReference; lastKnownFileType = sourcecode.swift; path = VisionViewController.swift; sourceTree = "<group>"; };
		260BEF0E246CC598003ED7D7 /* ProductViewController.swift */ = {isa = PBXFileReference; lastKnownFileType = sourcecode.swift; path = ProductViewController.swift; sourceTree = "<group>"; };
		260BEF15246CCC70003ED7D7 /* nutrition.plist */ = {isa = PBXFileReference; fileEncoding = 4; lastKnownFileType = text.plist.xml; path = nutrition.plist; sourceTree = "<group>"; };
		26B300352467844B00163E66 /* FoodRec.app */ = {isa = PBXFileReference; explicitFileType = wrapper.application; includeInIndex = 0; path = FoodRec.app; sourceTree = BUILT_PRODUCTS_DIR; };
		26B300382467844B00163E66 /* AppDelegate.swift */ = {isa = PBXFileReference; lastKnownFileType = sourcecode.swift; path = AppDelegate.swift; sourceTree = "<group>"; };
		26B3003A2467844B00163E66 /* SceneDelegate.swift */ = {isa = PBXFileReference; lastKnownFileType = sourcecode.swift; path = SceneDelegate.swift; sourceTree = "<group>"; };
		26B3003C2467844B00163E66 /* ViewController.swift */ = {isa = PBXFileReference; lastKnownFileType = sourcecode.swift; path = ViewController.swift; sourceTree = "<group>"; };
		26B3003F2467844B00163E66 /* Base */ = {isa = PBXFileReference; lastKnownFileType = file.storyboard; name = Base; path = Base.lproj/Main.storyboard; sourceTree = "<group>"; };
		26B300412467844C00163E66 /* Assets.xcassets */ = {isa = PBXFileReference; lastKnownFileType = folder.assetcatalog; path = Assets.xcassets; sourceTree = "<group>"; };
		26B300442467844C00163E66 /* Base */ = {isa = PBXFileReference; lastKnownFileType = file.storyboard; name = Base; path = Base.lproj/LaunchScreen.storyboard; sourceTree = "<group>"; };
		26B300462467844C00163E66 /* Info.plist */ = {isa = PBXFileReference; lastKnownFileType = text.plist.xml; path = Info.plist; sourceTree = "<group>"; };
		26B3004C2467848100163E66 /* FoodClassifier.mlmodel */ = {isa = PBXFileReference; lastKnownFileType = file.mlmodel; path = FoodClassifier.mlmodel; sourceTree = "<group>"; };
/* End PBXFileReference section */

/* Begin PBXFrameworksBuildPhase section */
		26B300322467844B00163E66 /* Frameworks */ = {
			isa = PBXFrameworksBuildPhase;
			buildActionMask = 2147483647;
			files = (
			);
			runOnlyForDeploymentPostprocessing = 0;
		};
/* End PBXFrameworksBuildPhase section */

/* Begin PBXGroup section */
		26B3002C2467844B00163E66 = {
			isa = PBXGroup;
			children = (
				26B300372467844B00163E66 /* FoodRec */,
				26B300362467844B00163E66 /* Products */,
			);
			sourceTree = "<group>";
		};
		26B300362467844B00163E66 /* Products */ = {
			isa = PBXGroup;
			children = (
				26B300352467844B00163E66 /* FoodRec.app */,
			);
			name = Products;
			sourceTree = "<group>";
		};
		26B300372467844B00163E66 /* FoodRec */ = {
			isa = PBXGroup;
			children = (
				26B300382467844B00163E66 /* AppDelegate.swift */,
				26B3003A2467844B00163E66 /* SceneDelegate.swift */,
				26B3003C2467844B00163E66 /* ViewController.swift */,
				260BEF15246CCC70003ED7D7 /* nutrition.plist */,
				260BEF0E246CC598003ED7D7 /* ProductViewController.swift */,
				260BEF0C246CC522003ED7D7 /* VisionViewController.swift */,
				26B3004C2467848100163E66 /* FoodClassifier.mlmodel */,
				26B3003E2467844B00163E66 /* Main.storyboard */,
				26B300412467844C00163E66 /* Assets.xcassets */,
				26B300432467844C00163E66 /* LaunchScreen.storyboard */,
				26B300462467844C00163E66 /* Info.plist */,
			);
			path = FoodRec;
			sourceTree = "<group>";
		};
/* End PBXGroup section */

/* Begin PBXNativeTarget section */
		26B300342467844B00163E66 /* FoodRec */ = {
			isa = PBXNativeTarget;
			buildConfigurationList = 26B300492467844C00163E66 /* Build configuration list for PBXNativeTarget "FoodRec" */;
			buildPhases = (
				26B300312467844B00163E66 /* Sources */,
				26B300322467844B00163E66 /* Frameworks */,
				26B300332467844B00163E66 /* Resources */,
			);
			buildRules = (
			);
			dependencies = (
			);
			name = FoodRec;
			productName = FoodRec;
			productReference = 26B300352467844B00163E66 /* FoodRec.app */;
			productType = "com.apple.product-type.application";
		};
/* End PBXNativeTarget section */

/* Begin PBXProject section */
		26B3002D2467844B00163E66 /* Project object */ = {
			isa = PBXProject;
			attributes = {
				LastSwiftUpdateCheck = 1140;
				LastUpgradeCheck = 1140;
				ORGANIZATIONNAME = "Nish Gowda";
				TargetAttributes = {
					26B300342467844B00163E66 = {
						CreatedOnToolsVersion = 11.4.1;
					};
				};
			};
			buildConfigurationList = 26B300302467844B00163E66 /* Build configuration list for PBXProject "FoodRec" */;
			compatibilityVersion = "Xcode 9.3";
			developmentRegion = en;
			hasScannedForEncodings = 0;
			knownRegions = (
				en,
				Base,
			);
			mainGroup = 26B3002C2467844B00163E66;
			productRefGroup = 26B300362467844B00163E66 /* Products */;
			projectDirPath = "";
			projectRoot = "";
			targets = (
				26B300342467844B00163E66 /* FoodRec */,
			);
		};
/* End PBXProject section */

/* Begin PBXResourcesBuildPhase section */
		26B300332467844B00163E66 /* Resources */ = {
			isa = PBXResourcesBuildPhase;
			buildActionMask = 2147483647;
			files = (
				260BEF16246CCC70003ED7D7 /* nutrition.plist in Resources */,
				26B300452467844C00163E66 /* LaunchScreen.storyboard in Resources */,
				26B300422467844C00163E66 /* Assets.xcassets in Resources */,
				26B300402467844B00163E66 /* Main.storyboard in Resources */,
			);
			runOnlyForDeploymentPostprocessing = 0;
		};
/* End PBXResourcesBuildPhase section */

/* Begin PBXSourcesBuildPhase section */
		26B300312467844B00163E66 /* Sources */ = {
			isa = PBXSourcesBuildPhase;
			buildActionMask = 2147483647;
			files = (
				260BEF0F246CC598003ED7D7 /* ProductViewController.swift in Sources */,
				26B3003D2467844B00163E66 /* ViewController.swift in Sources */,
				26B300392467844B00163E66 /* AppDelegate.swift in Sources */,
				26B3003B2467844B00163E66 /* SceneDelegate.swift in Sources */,
				260BEF0D246CC522003ED7D7 /* VisionViewController.swift in Sources */,
				26B3004D2467848100163E66 /* FoodClassifier.mlmodel in Sources */,
			);
			runOnlyForDeploymentPostprocessing = 0;
		};
/* End PBXSourcesBuildPhase section */

/* Begin PBXVariantGroup section */
		26B3003E2467844B00163E66 /* Main.storyboard */ = {
			isa = PBXVariantGroup;
			children = (
				26B3003F2467844B00163E66 /* Base */,
			);
			name = Main.storyboard;
			sourceTree = "<group>";
		};
		26B300432467844C00163E66 /* LaunchScreen.storyboard */ = {
			isa = PBXVariantGroup;
			children = (
				26B300442467844C00163E66 /* Base */,
			);
			name = LaunchScreen.storyboard;
			sourceTree = "<group>";
		};
/* End PBXVariantGroup section */

/* Begin XCBuildConfiguration section */
		26B300472467844C00163E66 /* Debug */ = {
			isa = XCBuildConfiguration;
			buildSettings = {
				ALWAYS_SEARCH_USER_PATHS = NO;
				CLANG_ANALYZER_NONNULL = YES;
				CLANG_ANALYZER_NUMBER_OBJECT_CONVERSION = YES_AGGRESSIVE;
				CLANG_CXX_LANGUAGE_STANDARD = "gnu++14";
				CLANG_CXX_LIBRARY = "libc++";
				CLANG_ENABLE_MODULES = YES;
				CLANG_ENABLE_OBJC_ARC = YES;
				CLANG_ENABLE_OBJC_WEAK = YES;
				CLANG_WARN_BLOCK_CAPTURE_AUTORELEASING = YES;
				CLANG_WARN_BOOL_CONVERSION = YES;
				CLANG_WARN_COMMA = YES;
				CLANG_WARN_CONSTANT_CONVERSION = YES;
				CLANG_WARN_DEPRECATED_OBJC_IMPLEMENTATIONS = YES;
				CLANG_WARN_DIRECT_OBJC_ISA_USAGE = YES_ERROR;
				CLANG_WARN_DOCUMENTATION_COMMENTS = YES;
				CLANG_WARN_EMPTY_BODY = YES;
				CLANG_WARN_ENUM_CONVERSION = YES;
				CLANG_WARN_INFINITE_RECURSION = YES;
				CLANG_WARN_INT_CONVERSION = YES;
				CLANG_WARN_NON_LITERAL_NULL_CONVERSION = YES;
				CLANG_WARN_OBJC_IMPLICIT_RETAIN_SELF = YES;
				CLANG_WARN_OBJC_LITERAL_CONVERSION = YES;
				CLANG_WARN_OBJC_ROOT_CLASS = YES_ERROR;
				CLANG_WARN_RANGE_LOOP_ANALYSIS = YES;
				CLANG_WARN_STRICT_PROTOTYPES = YES;
				CLANG_WARN_SUSPICIOUS_MOVE = YES;
				CLANG_WARN_UNGUARDED_AVAILABILITY = YES_AGGRESSIVE;
				CLANG_WARN_UNREACHABLE_CODE = YES;
				CLANG_WARN__DUPLICATE_METHOD_MATCH = YES;
				COPY_PHASE_STRIP = NO;
				DEBUG_INFORMATION_FORMAT = dwarf;
				ENABLE_STRICT_OBJC_MSGSEND = YES;
				ENABLE_TESTABILITY = YES;
				GCC_C_LANGUAGE_STANDARD = gnu11;
				GCC_DYNAMIC_NO_PIC = NO;
				GCC_NO_COMMON_BLOCKS = YES;
				GCC_OPTIMIZATION_LEVEL = 0;
				GCC_PREPROCESSOR_DEFINITIONS = (
					"DEBUG=1",
					"$(inherited)",
				);
				GCC_WARN_64_TO_32_BIT_CONVERSION = YES;
				GCC_WARN_ABOUT_RETURN_TYPE = YES_ERROR;
				GCC_WARN_UNDECLARED_SELECTOR = YES;
				GCC_WARN_UNINITIALIZED_AUTOS = YES_AGGRESSIVE;
				GCC_WARN_UNUSED_FUNCTION = YES;
				GCC_WARN_UNUSED_VARIABLE = YES;
				IPHONEOS_DEPLOYMENT_TARGET = 13.4;
				MTL_ENABLE_DEBUG_INFO = INCLUDE_SOURCE;
				MTL_FAST_MATH = YES;
				ONLY_ACTIVE_ARCH = YES;
				SDKROOT = iphoneos;
				SWIFT_ACTIVE_COMPILATION_CONDITIONS = DEBUG;
				SWIFT_OPTIMIZATION_LEVEL = "-Onone";
			};
			name = Debug;
		};
		26B300482467844C00163E66 /* Release */ = {
			isa = XCBuildConfiguration;
			buildSettings = {
				ALWAYS_SEARCH_USER_PATHS = NO;
				CLANG_ANALYZER_NONNULL = YES;
				CLANG_ANALYZER_NUMBER_OBJECT_CONVERSION = YES_AGGRESSIVE;
				CLANG_CXX_LANGUAGE_STANDARD = "gnu++14";
				CLANG_CXX_LIBRARY = "libc++";
				CLANG_ENABLE_MODULES = YES;
				CLANG_ENABLE_OBJC_ARC = YES;
				CLANG_ENABLE_OBJC_WEAK = YES;
				CLANG_WARN_BLOCK_CAPTURE_AUTORELEASING = YES;
				CLANG_WARN_BOOL_CONVERSION = YES;
				CLANG_WARN_COMMA = YES;
				CLANG_WARN_CONSTANT_CONVERSION = YES;
				CLANG_WARN_DEPRECATED_OBJC_IMPLEMENTATIONS = YES;
				CLANG_WARN_DIRECT_OBJC_ISA_USAGE = YES_ERROR;
				CLANG_WARN_DOCUMENTATION_COMMENTS = YES;
				CLANG_WARN_EMPTY_BODY = YES;
				CLANG_WARN_ENUM_CONVERSION = YES;
				CLANG_WARN_INFINITE_RECURSION = YES;
				CLANG_WARN_INT_CONVERSION = YES;
				CLANG_WARN_NON_LITERAL_NULL_CONVERSION = YES;
				CLANG_WARN_OBJC_IMPLICIT_RETAIN_SELF = YES;
				CLANG_WARN_OBJC_LITERAL_CONVERSION = YES;
				CLANG_WARN_OBJC_ROOT_CLASS = YES_ERROR;
				CLANG_WARN_RANGE_LOOP_ANALYSIS = YES;
				CLANG_WARN_STRICT_PROTOTYPES = YES;
				CLANG_WARN_SUSPICIOUS_MOVE = YES;
				CLANG_WARN_UNGUARDED_AVAILABILITY = YES_AGGRESSIVE;
				CLANG_WARN_UNREACHABLE_CODE = YES;
				CLANG_WARN__DUPLICATE_METHOD_MATCH = YES;
				COPY_PHASE_STRIP = NO;
				DEBUG_INFORMATION_FORMAT = "dwarf-with-dsym";
				ENABLE_NS_ASSERTIONS = NO;
				ENABLE_STRICT_OBJC_MSGSEND = YES;
				GCC_C_LANGUAGE_STANDARD = gnu11;
				GCC_NO_COMMON_BLOCKS = YES;
				GCC_WARN_64_TO_32_BIT_CONVERSION = YES;
				GCC_WARN_ABOUT_RETURN_TYPE = YES_ERROR;
				GCC_WARN_UNDECLARED_SELECTOR = YES;
				GCC_WARN_UNINITIALIZED_AUTOS = YES_AGGRESSIVE;
				GCC_WARN_UNUSED_FUNCTION = YES;
				GCC_WARN_UNUSED_VARIABLE = YES;
				IPHONEOS_DEPLOYMENT_TARGET = 13.4;
				MTL_ENABLE_DEBUG_INFO = NO;
				MTL_FAST_MATH = YES;
				SDKROOT = iphoneos;
				SWIFT_COMPILATION_MODE = wholemodule;
				SWIFT_OPTIMIZATION_LEVEL = "-O";
				VALIDATE_PRODUCT = YES;
			};
			name = Release;
		};
		26B3004A2467844C00163E66 /* Debug */ = {
			isa = XCBuildConfiguration;
			buildSettings = {
				ASSETCATALOG_COMPILER_APPICON_NAME = AppIcon;
				CODE_SIGN_STYLE = Automatic;
				DEVELOPMENT_TEAM = GCBWVTCRDA;
				INFOPLIST_FILE = FoodRec/Info.plist;
				LD_RUNPATH_SEARCH_PATHS = (
					"$(inherited)",
					"@executable_path/Frameworks",
				);
				PRODUCT_BUNDLE_IDENTIFIER = com.nishgowda.FoodRec;
				PRODUCT_NAME = "$(TARGET_NAME)";
				SWIFT_VERSION = 5.0;
				TARGETED_DEVICE_FAMILY = "1,2";
			};
			name = Debug;
		};
		26B3004B2467844C00163E66 /* Release */ = {
			isa = XCBuildConfiguration;
			buildSettings = {
				ASSETCATALOG_COMPILER_APPICON_NAME = AppIcon;
				CODE_SIGN_STYLE = Automatic;
				DEVELOPMENT_TEAM = GCBWVTCRDA;
				INFOPLIST_FILE = FoodRec/Info.plist;
				LD_RUNPATH_SEARCH_PATHS = (
					"$(inherited)",
					"@executable_path/Frameworks",
				);
				PRODUCT_BUNDLE_IDENTIFIER = com.nishgowda.FoodRec;
				PRODUCT_NAME = "$(TARGET_NAME)";
				SWIFT_VERSION = 5.0;
				TARGETED_DEVICE_FAMILY = "1,2";
			};
			name = Release;
		};
/* End XCBuildConfiguration section */

/* Begin XCConfigurationList section */
		26B300302467844B00163E66 /* Build configuration list for PBXProject "FoodRec" */ = {
			isa = XCConfigurationList;
			buildConfigurations = (
				26B300472467844C00163E66 /* Debug */,
				26B300482467844C00163E66 /* Release */,
			);
			defaultConfigurationIsVisible = 0;
			defaultConfigurationName = Release;
		};
		26B300492467844C00163E66 /* Build configuration list for PBXNativeTarget "FoodRec" */ = {
			isa = XCConfigurationList;
			buildConfigurations = (
				26B3004A2467844C00163E66 /* Debug */,
				26B3004B2467844C00163E66 /* Release */,
			);
			defaultConfigurationIsVisible = 0;
			defaultConfigurationName = Release;
		};
/* End XCConfigurationList section */
	};
	rootObject = 26B3002D2467844B00163E66 /* Project object */;
}
